
Microsoft Visual Studio Solution File, Format Version 12.00
# Visual Studio Version 16
VisualStudioVersion = 16.0.30611.23
MinimumVisualStudioVersion = 10.0.40219.1
Project("{FAE04EC0-301F-11D3-BF4B-00C04F79EFBC}") = "ConsoleAppAdventOfCode", "ConsoleAppAdventOfCode.csproj", "{4A8D7EE7-3F32-4E49-95C5-E38A5B078DB4}"
EndProject
Global
	GlobalSection(SolutionConfigurationPlatforms) = preSolution
		Debug|Any CPU = Debug|Any CPU
		Release|Any CPU = Release|Any CPU
	EndGlobalSection
	GlobalSection(ProjectConfigurationPlatforms) = postSolution
		{4A8D7EE7-3F32-4E49-95C5-E38A5B078DB4}.Debug|Any CPU.ActiveCfg = Debug|Any CPU
		{4A8D7EE7-3F32-4E49-95C5-E38A5B078DB4}.Debug|Any CPU.Build.0 = Debug|Any CPU
		{4A8D7EE7-3F32-4E49-95C5-E38A5B078DB4}.Release|Any CPU.ActiveCfg = Release|Any CPU
		{4A8D7EE7-3F32-4E49-95C5-E38A5B078DB4}.Release|Any CPU.Build.0 = Release|Any CPU
	EndGlobalSection
	GlobalSection(SolutionProperties) = preSolution
		HideSolutionNode = FALSE
	EndGlobalSection
	GlobalSection(ExtensibilityGlobals) = postSolution
		SolutionGuid = {8ECCDFBF-F3B2-4A13-963D-B66F66882D33}
	EndGlobalSection
EndGlobal
